
Microsoft Visual Studio Solution File, Format Version 12.00
# Visual Studio Version 16
VisualStudioVersion = 16.0.30711.63
MinimumVisualStudioVersion = 10.0.40219.1
Project("{FAE04EC0-301F-11D3-BF4B-00C04F79EFBC}") = "HOST", "HOST\HOST.csproj", "{46503B2C-E26B-4DA0-ADED-CEBAEC3EAC4D}"
EndProject
Project("{FAE04EC0-301F-11D3-BF4B-00C04F79EFBC}") = "Client", "Client\Client.csproj", "{38B7FBDC-AAC2-46EB-BC1B-193D1A89A21C}"
EndProject
Global
	GlobalSection(SolutionConfigurationPlatforms) = preSolution
		Debug|Any CPU = Debug|Any CPU
		Release|Any CPU = Release|Any CPU
	EndGlobalSection
	GlobalSection(ProjectConfigurationPlatforms) = postSolution
		{46503B2C-E26B-4DA0-ADED-CEBAEC3EAC4D}.Debug|Any CPU.ActiveCfg = Debug|Any CPU
		{46503B2C-E26B-4DA0-ADED-CEBAEC3EAC4D}.Debug|Any CPU.Build.0 = Debug|Any CPU
		{46503B2C-E26B-4DA0-ADED-CEBAEC3EAC4D}.Release|Any CPU.ActiveCfg = Release|Any CPU
		{46503B2C-E26B-4DA0-ADED-CEBAEC3EAC4D}.Release|Any CPU.Build.0 = Release|Any CPU
		{38B7FBDC-AAC2-46EB-BC1B-193D1A89A21C}.Debug|Any CPU.ActiveCfg = Debug|Any CPU
		{38B7FBDC-AAC2-46EB-BC1B-193D1A89A21C}.Debug|Any CPU.Build.0 = Debug|Any CPU
		{38B7FBDC-AAC2-46EB-BC1B-193D1A89A21C}.Release|Any CPU.ActiveCfg = Release|Any CPU
		{38B7FBDC-AAC2-46EB-BC1B-193D1A89A21C}.Release|Any CPU.Build.0 = Release|Any CPU
	EndGlobalSection
	GlobalSection(SolutionProperties) = preSolution
		HideSolutionNode = FALSE
	EndGlobalSection
	GlobalSection(ExtensibilityGlobals) = postSolution
		SolutionGuid = {C9F0D42F-A074-4F85-BEB0-256C5EEA1538}
	EndGlobalSection
EndGlobal
